// !$*UTF8*$!
{
	archiveVersion = 1;
	classes = {
	};
	objectVersion = 46;
	objects = {

/* Begin PBXBuildFile section */
		F69F97921D643AEF004A6EB5 /* AppDelegate.swift in Sources */ = {isa = PBXBuildFile; fileRef = F69F978B1D643AEF004A6EB5 /* AppDelegate.swift */; };
		F69F97931D643AEF004A6EB5 /* SVDetailViewController.swift in Sources */ = {isa = PBXBuildFile; fileRef = F69F978C1D643AEF004A6EB5 /* SVDetailViewController.swift */; };
		F69F97941D643AEF004A6EB5 /* SVMenuOptionManager.swift in Sources */ = {isa = PBXBuildFile; fileRef = F69F978D1D643AEF004A6EB5 /* SVMenuOptionManager.swift */; };
		F69F97951D643AEF004A6EB5 /* SVMenuViewController.swift in Sources */ = {isa = PBXBuildFile; fileRef = F69F978E1D643AEF004A6EB5 /* SVMenuViewController.swift */; };
		F69F97961D643AEF004A6EB5 /* SVViewController.swift in Sources */ = {isa = PBXBuildFile; fileRef = F69F978F1D643AEF004A6EB5 /* SVViewController.swift */; };
		F69F97971D643AEF004A6EB5 /* SVSlidingPanelViewController.swift in Sources */ = {isa = PBXBuildFile; fileRef = F69F97911D643AEF004A6EB5 /* SVSlidingPanelViewController.swift */; };
		F69F979A1D643B46004A6EB5 /* Assets.xcassets in Resources */ = {isa = PBXBuildFile; fileRef = F69F97981D643B46004A6EB5 /* Assets.xcassets */; };
		F6AB4F701D5AEFF400AADEE6 /* Main.storyboard in Resources */ = {isa = PBXBuildFile; fileRef = F6AB4F6E1D5AEFF400AADEE6 /* Main.storyboard */; };
		F6AB4F751D5AEFF400AADEE6 /* LaunchScreen.storyboard in Resources */ = {isa = PBXBuildFile; fileRef = F6AB4F731D5AEFF400AADEE6 /* LaunchScreen.storyboard */; };
/* End PBXBuildFile section */

/* Begin PBXFileReference section */
		F69F978B1D643AEF004A6EB5 /* AppDelegate.swift */ = {isa = PBXFileReference; fileEncoding = 4; lastKnownFileType = sourcecode.swift; path = AppDelegate.swift; sourceTree = "<group>"; };
		F69F978C1D643AEF004A6EB5 /* SVDetailViewController.swift */ = {isa = PBXFileReference; fileEncoding = 4; lastKnownFileType = sourcecode.swift; path = SVDetailViewController.swift; sourceTree = "<group>"; };
		F69F978D1D643AEF004A6EB5 /* SVMenuOptionManager.swift */ = {isa = PBXFileReference; fileEncoding = 4; lastKnownFileType = sourcecode.swift; path = SVMenuOptionManager.swift; sourceTree = "<group>"; };
		F69F978E1D643AEF004A6EB5 /* SVMenuViewController.swift */ = {isa = PBXFileReference; fileEncoding = 4; lastKnownFileType = sourcecode.swift; path = SVMenuViewController.swift; sourceTree = "<group>"; };
		F69F978F1D643AEF004A6EB5 /* SVViewController.swift */ = {isa = PBXFileReference; fileEncoding = 4; lastKnownFileType = sourcecode.swift; path = SVViewController.swift; sourceTree = "<group>"; };
		F69F97911D643AEF004A6EB5 /* SVSlidingPanelViewController.swift */ = {isa = PBXFileReference; fileEncoding = 4; lastKnownFileType = sourcecode.swift; path = SVSlidingPanelViewController.swift; sourceTree = "<group>"; };
		F69F97981D643B46004A6EB5 /* Assets.xcassets */ = {isa = PBXFileReference; lastKnownFileType = folder.assetcatalog; path = Assets.xcassets; sourceTree = "<group>"; };
		F69F97991D643B46004A6EB5 /* Info.plist */ = {isa = PBXFileReference; fileEncoding = 4; lastKnownFileType = text.plist.xml; path = Info.plist; sourceTree = "<group>"; };
		F6AB4F671D5AEFF400AADEE6 /* SVSlidingPanel.app */ = {isa = PBXFileReference; explicitFileType = wrapper.application; includeInIndex = 0; path = SVSlidingPanel.app; sourceTree = BUILT_PRODUCTS_DIR; };
		F6AB4F6F1D5AEFF400AADEE6 /* Base */ = {isa = PBXFileReference; lastKnownFileType = file.storyboard; name = Base; path = Base.lproj/Main.storyboard; sourceTree = "<group>"; };
		F6AB4F741D5AEFF400AADEE6 /* Base */ = {isa = PBXFileReference; lastKnownFileType = file.storyboard; name = Base; path = Base.lproj/LaunchScreen.storyboard; sourceTree = "<group>"; };
/* End PBXFileReference section */

/* Begin PBXFrameworksBuildPhase section */
		F6AB4F641D5AEFF400AADEE6 /* Frameworks */ = {
			isa = PBXFrameworksBuildPhase;
			buildActionMask = 2147483647;
			files = (
			);
			runOnlyForDeploymentPostprocessing = 0;
		};
/* End PBXFrameworksBuildPhase section */

/* Begin PBXGroup section */
		F69F978A1D643AEF004A6EB5 /* Demo */ = {
			isa = PBXGroup;
			children = (
				F69F97981D643B46004A6EB5 /* Assets.xcassets */,
				F69F97991D643B46004A6EB5 /* Info.plist */,
				F69F978B1D643AEF004A6EB5 /* AppDelegate.swift */,
				F69F978C1D643AEF004A6EB5 /* SVDetailViewController.swift */,
				F69F978D1D643AEF004A6EB5 /* SVMenuOptionManager.swift */,
				F69F978E1D643AEF004A6EB5 /* SVMenuViewController.swift */,
				F69F978F1D643AEF004A6EB5 /* SVViewController.swift */,
			);
			path = Demo;
			sourceTree = "<group>";
		};
		F69F97901D643AEF004A6EB5 /* Source */ = {
			isa = PBXGroup;
			children = (
				F69F97911D643AEF004A6EB5 /* SVSlidingPanelViewController.swift */,
			);
			path = Source;
			sourceTree = "<group>";
		};
		F6AB4F5E1D5AEFF400AADEE6 = {
			isa = PBXGroup;
			children = (
				F6AB4F691D5AEFF400AADEE6 /* SVSlidingPanel */,
				F6AB4F681D5AEFF400AADEE6 /* Products */,
			);
			sourceTree = "<group>";
		};
		F6AB4F681D5AEFF400AADEE6 /* Products */ = {
			isa = PBXGroup;
			children = (
				F6AB4F671D5AEFF400AADEE6 /* SVSlidingPanel.app */,
			);
			name = Products;
			sourceTree = "<group>";
		};
		F6AB4F691D5AEFF400AADEE6 /* SVSlidingPanel */ = {
			isa = PBXGroup;
			children = (
				F69F978A1D643AEF004A6EB5 /* Demo */,
				F69F97901D643AEF004A6EB5 /* Source */,
				F6AB4F731D5AEFF400AADEE6 /* LaunchScreen.storyboard */,
				F6AB4F6E1D5AEFF400AADEE6 /* Main.storyboard */,
			);
			path = SVSlidingPanel;
			sourceTree = "<group>";
		};
/* End PBXGroup section */

/* Begin PBXNativeTarget section */
		F6AB4F661D5AEFF400AADEE6 /* SVSlidingPanel */ = {
			isa = PBXNativeTarget;
			buildConfigurationList = F6AB4F791D5AEFF400AADEE6 /* Build configuration list for PBXNativeTarget "SVSlidingPanel" */;
			buildPhases = (
				F6AB4F631D5AEFF400AADEE6 /* Sources */,
				F6AB4F641D5AEFF400AADEE6 /* Frameworks */,
				F6AB4F651D5AEFF400AADEE6 /* Resources */,
			);
			buildRules = (
			);
			dependencies = (
			);
			name = SVSlidingPanel;
			productName = SVSlidingPanel;
			productReference = F6AB4F671D5AEFF400AADEE6 /* SVSlidingPanel.app */;
			productType = "com.apple.product-type.application";
		};
/* End PBXNativeTarget section */

/* Begin PBXProject section */
		F6AB4F5F1D5AEFF400AADEE6 /* Project object */ = {
			isa = PBXProject;
			attributes = {
				LastSwiftUpdateCheck = 0730;
				LastUpgradeCheck = 0800;
				ORGANIZATIONNAME = "Sachin Verma";
				TargetAttributes = {
					F6AB4F661D5AEFF400AADEE6 = {
						CreatedOnToolsVersion = 7.3.1;
						DevelopmentTeam = J5NUXYU6XJ;
						LastSwiftMigration = 0800;
						ProvisioningStyle = Automatic;
					};
				};
			};
			buildConfigurationList = F6AB4F621D5AEFF400AADEE6 /* Build configuration list for PBXProject "SVSlidingPanel" */;
			compatibilityVersion = "Xcode 3.2";
			developmentRegion = English;
			hasScannedForEncodings = 0;
			knownRegions = (
				English,
				en,
				Base,
			);
			mainGroup = F6AB4F5E1D5AEFF400AADEE6;
			productRefGroup = F6AB4F681D5AEFF400AADEE6 /* Products */;
			projectDirPath = "";
			projectRoot = "";
			targets = (
				F6AB4F661D5AEFF400AADEE6 /* SVSlidingPanel */,
			);
		};
/* End PBXProject section */

/* Begin PBXResourcesBuildPhase section */
		F6AB4F651D5AEFF400AADEE6 /* Resources */ = {
			isa = PBXResourcesBuildPhase;
			buildActionMask = 2147483647;
			files = (
				F6AB4F751D5AEFF400AADEE6 /* LaunchScreen.storyboard in Resources */,
				F69F979A1D643B46004A6EB5 /* Assets.xcassets in Resources */,
				F6AB4F701D5AEFF400AADEE6 /* Main.storyboard in Resources */,
			);
			runOnlyForDeploymentPostprocessing = 0;
		};
/* End PBXResourcesBuildPhase section */

/* Begin PBXSourcesBuildPhase section */
		F6AB4F631D5AEFF400AADEE6 /* Sources */ = {
			isa = PBXSourcesBuildPhase;
			buildActionMask = 2147483647;
			files = (
				F69F97931D643AEF004A6EB5 /* SVDetailViewController.swift in Sources */,
				F69F97971D643AEF004A6EB5 /* SVSlidingPanelViewController.swift in Sources */,
				F69F97921D643AEF004A6EB5 /* AppDelegate.swift in Sources */,
				F69F97951D643AEF004A6EB5 /* SVMenuViewController.swift in Sources */,
				F69F97961D643AEF004A6EB5 /* SVViewController.swift in Sources */,
				F69F97941D643AEF004A6EB5 /* SVMenuOptionManager.swift in Sources */,
			);
			runOnlyForDeploymentPostprocessing = 0;
		};
/* End PBXSourcesBuildPhase section */

/* Begin PBXVariantGroup section */
		F6AB4F6E1D5AEFF400AADEE6 /* Main.storyboard */ = {
			isa = PBXVariantGroup;
			children = (
				F6AB4F6F1D5AEFF400AADEE6 /* Base */,
			);
			name = Main.storyboard;
			sourceTree = "<group>";
		};
		F6AB4F731D5AEFF400AADEE6 /* LaunchScreen.storyboard */ = {
			isa = PBXVariantGroup;
			children = (
				F6AB4F741D5AEFF400AADEE6 /* Base */,
			);
			name = LaunchScreen.storyboard;
			sourceTree = "<group>";
		};
/* End PBXVariantGroup section */

/* Begin XCBuildConfiguration section */
		F6AB4F771D5AEFF400AADEE6 /* Debug */ = {
			isa = XCBuildConfiguration;
			buildSettings = {
				ALWAYS_SEARCH_USER_PATHS = NO;
				CLANG_ANALYZER_NONNULL = YES;
				CLANG_CXX_LANGUAGE_STANDARD = "gnu++0x";
				CLANG_CXX_LIBRARY = "libc++";
				CLANG_ENABLE_MODULES = YES;
				CLANG_ENABLE_OBJC_ARC = YES;
				CLANG_WARN_BOOL_CONVERSION = YES;
				CLANG_WARN_CONSTANT_CONVERSION = YES;
				CLANG_WARN_DIRECT_OBJC_ISA_USAGE = YES_ERROR;
				CLANG_WARN_EMPTY_BODY = YES;
				CLANG_WARN_ENUM_CONVERSION = YES;
				CLANG_WARN_INFINITE_RECURSION = YES;
				CLANG_WARN_INT_CONVERSION = YES;
				CLANG_WARN_OBJC_ROOT_CLASS = YES_ERROR;
				CLANG_WARN_SUSPICIOUS_MOVE = YES;
				CLANG_WARN_UNREACHABLE_CODE = YES;
				CLANG_WARN__DUPLICATE_METHOD_MATCH = YES;
				"CODE_SIGN_IDENTITY[sdk=iphoneos*]" = "iPhone Developer";
				COPY_PHASE_STRIP = NO;
				DEBUG_INFORMATION_FORMAT = dwarf;
				ENABLE_STRICT_OBJC_MSGSEND = YES;
				ENABLE_TESTABILITY = YES;
				GCC_C_LANGUAGE_STANDARD = gnu99;
				GCC_DYNAMIC_NO_PIC = NO;
				GCC_NO_COMMON_BLOCKS = YES;
				GCC_OPTIMIZATION_LEVEL = 0;
				GCC_PREPROCESSOR_DEFINITIONS = (
					"DEBUG=1",
					"$(inherited)",
				);
				GCC_WARN_64_TO_32_BIT_CONVERSION = YES;
				GCC_WARN_ABOUT_RETURN_TYPE = YES_ERROR;
				GCC_WARN_UNDECLARED_SELECTOR = YES;
				GCC_WARN_UNINITIALIZED_AUTOS = YES_AGGRESSIVE;
				GCC_WARN_UNUSED_FUNCTION = YES;
				GCC_WARN_UNUSED_VARIABLE = YES;
				IPHONEOS_DEPLOYMENT_TARGET = 9.3;
				MTL_ENABLE_DEBUG_INFO = YES;
				ONLY_ACTIVE_ARCH = YES;
				SDKROOT = iphoneos;
				SWIFT_OPTIMIZATION_LEVEL = "-Onone";
			};
			name = Debug;
		};
		F6AB4F781D5AEFF400AADEE6 /* Release */ = {
			isa = XCBuildConfiguration;
			buildSettings = {
				ALWAYS_SEARCH_USER_PATHS = NO;
				CLANG_ANALYZER_NONNULL = YES;
				CLANG_CXX_LANGUAGE_STANDARD = "gnu++0x";
				CLANG_CXX_LIBRARY = "libc++";
				CLANG_ENABLE_MODULES = YES;
				CLANG_ENABLE_OBJC_ARC = YES;
				CLANG_WARN_BOOL_CONVERSION = YES;
				CLANG_WARN_CONSTANT_CONVERSION = YES;
				CLANG_WARN_DIRECT_OBJC_ISA_USAGE = YES_ERROR;
				CLANG_WARN_EMPTY_BODY = YES;
				CLANG_WARN_ENUM_CONVERSION = YES;
				CLANG_WARN_INFINITE_RECURSION = YES;
				CLANG_WARN_INT_CONVERSION = YES;
				CLANG_WARN_OBJC_ROOT_CLASS = YES_ERROR;
				CLANG_WARN_SUSPICIOUS_MOVE = YES;
				CLANG_WARN_UNREACHABLE_CODE = YES;
				CLANG_WARN__DUPLICATE_METHOD_MATCH = YES;
				"CODE_SIGN_IDENTITY[sdk=iphoneos*]" = "iPhone Developer";
				COPY_PHASE_STRIP = NO;
				DEBUG_INFORMATION_FORMAT = "dwarf-with-dsym";
				ENABLE_NS_ASSERTIONS = NO;
				ENABLE_STRICT_OBJC_MSGSEND = YES;
				GCC_C_LANGUAGE_STANDARD = gnu99;
				GCC_NO_COMMON_BLOCKS = YES;
				GCC_WARN_64_TO_32_BIT_CONVERSION = YES;
				GCC_WARN_ABOUT_RETURN_TYPE = YES_ERROR;
				GCC_WARN_UNDECLARED_SELECTOR = YES;
				GCC_WARN_UNINITIALIZED_AUTOS = YES_AGGRESSIVE;
				GCC_WARN_UNUSED_FUNCTION = YES;
				GCC_WARN_UNUSED_VARIABLE = YES;
				IPHONEOS_DEPLOYMENT_TARGET = 9.3;
				MTL_ENABLE_DEBUG_INFO = NO;
				SDKROOT = iphoneos;
				SWIFT_OPTIMIZATION_LEVEL = "-Owholemodule";
				VALIDATE_PRODUCT = YES;
			};
			name = Release;
		};
		F6AB4F7A1D5AEFF400AADEE6 /* Debug */ = {
			isa = XCBuildConfiguration;
			buildSettings = {
				ASSETCATALOG_COMPILER_APPICON_NAME = AppIcon;
				ASSETCATALOG_COMPILER_LAUNCHIMAGE_NAME = LaunchImage;
				CODE_SIGN_IDENTITY = "Apple Development";
				CODE_SIGN_STYLE = Automatic;
				DEVELOPMENT_TEAM = J5NUXYU6XJ;
				INFOPLIST_FILE = SVSlidingPanel/Demo/Info.plist;
				IPHONEOS_DEPLOYMENT_TARGET = 8.0;
				LD_RUNPATH_SEARCH_PATHS = "$(inherited) @executable_path/Frameworks";
				PRODUCT_BUNDLE_IDENTIFIER = com.svslidingpanel;
				PRODUCT_NAME = "$(TARGET_NAME)";
				PROVISIONING_PROFILE = "";
				"PROVISIONING_PROFILE[sdk=iphoneos*]" = Automatic;
				PROVISIONING_PROFILE_SPECIFIER = "";
				SWIFT_VERSION = 5.0;
			};
			name = Debug;
		};
		F6AB4F7B1D5AEFF400AADEE6 /* Release */ = {
			isa = XCBuildConfiguration;
			buildSettings = {
				ASSETCATALOG_COMPILER_APPICON_NAME = AppIcon;
				ASSETCATALOG_COMPILER_LAUNCHIMAGE_NAME = LaunchImage;
				CODE_SIGN_IDENTITY = "Apple Development";
				CODE_SIGN_STYLE = Automatic;
				DEVELOPMENT_TEAM = J5NUXYU6XJ;
				INFOPLIST_FILE = SVSlidingPanel/Demo/Info.plist;
				IPHONEOS_DEPLOYMENT_TARGET = 8.0;
				LD_RUNPATH_SEARCH_PATHS = "$(inherited) @executable_path/Frameworks";
				PRODUCT_BUNDLE_IDENTIFIER = com.svslidingpanel;
				PRODUCT_NAME = "$(TARGET_NAME)";
				PROVISIONING_PROFILE = "";
				"PROVISIONING_PROFILE[sdk=iphoneos*]" = Automatic;
				PROVISIONING_PROFILE_SPECIFIER = "";
				SWIFT_VERSION = 5.0;
			};
			name = Release;
		};
/* End XCBuildConfiguration section */

/* Begin XCConfigurationList section */
		F6AB4F621D5AEFF400AADEE6 /* Build configuration list for PBXProject "SVSlidingPanel" */ = {
			isa = XCConfigurationList;
			buildConfigurations = (
				F6AB4F771D5AEFF400AADEE6 /* Debug */,
				F6AB4F781D5AEFF400AADEE6 /* Release */,
			);
			defaultConfigurationIsVisible = 0;
			defaultConfigurationName = Release;
		};
		F6AB4F791D5AEFF400AADEE6 /* Build configuration list for PBXNativeTarget "SVSlidingPanel" */ = {
			isa = XCConfigurationList;
			buildConfigurations = (
				F6AB4F7A1D5AEFF400AADEE6 /* Debug */,
				F6AB4F7B1D5AEFF400AADEE6 /* Release */,
			);
			defaultConfigurationIsVisible = 0;
			defaultConfigurationName = Release;
		};
/* End XCConfigurationList section */
	};
	rootObject = F6AB4F5F1D5AEFF400AADEE6 /* Project object */;
}
